
Microsoft Visual Studio Solution File, Format Version 12.00
# Visual Studio Version 17
VisualStudioVersion = 17.5.33627.172
MinimumVisualStudioVersion = 10.0.40219.1
Project("{9A19103F-16F7-4668-BE54-9A1E7A4F7556}") = "CompanyEmployees", "CompanyEmployees.csproj", "{17584600-9654-4867-9B43-3850E5EFC8FD}"
EndProject
Project("{FAE04EC0-301F-11D3-BF4B-00C04F79EFBC}") = "Contracts", "..\Contracts\Contracts.csproj", "{AF278AEC-6BE4-4D49-89F1-571FFCB796B1}"
EndProject
Project("{FAE04EC0-301F-11D3-BF4B-00C04F79EFBC}") = "LoggerService", "..\LoggerService\LoggerService.csproj", "{CEB69E98-A702-4EB0-BCA7-1FADCE33AC04}"
EndProject
Global
	GlobalSection(SolutionConfigurationPlatforms) = preSolution
		Debug|Any CPU = Debug|Any CPU
		Release|Any CPU = Release|Any CPU
	EndGlobalSection
	GlobalSection(ProjectConfigurationPlatforms) = postSolution
		{17584600-9654-4867-9B43-3850E5EFC8FD}.Debug|Any CPU.ActiveCfg = Debug|Any CPU
		{17584600-9654-4867-9B43-3850E5EFC8FD}.Debug|Any CPU.Build.0 = Debug|Any CPU
		{17584600-9654-4867-9B43-3850E5EFC8FD}.Release|Any CPU.ActiveCfg = Release|Any CPU
		{17584600-9654-4867-9B43-3850E5EFC8FD}.Release|Any CPU.Build.0 = Release|Any CPU
		{AF278AEC-6BE4-4D49-89F1-571FFCB796B1}.Debug|Any CPU.ActiveCfg = Debug|Any CPU
		{AF278AEC-6BE4-4D49-89F1-571FFCB796B1}.Debug|Any CPU.Build.0 = Debug|Any CPU
		{AF278AEC-6BE4-4D49-89F1-571FFCB796B1}.Release|Any CPU.ActiveCfg = Release|Any CPU
		{AF278AEC-6BE4-4D49-89F1-571FFCB796B1}.Release|Any CPU.Build.0 = Release|Any CPU
		{CEB69E98-A702-4EB0-BCA7-1FADCE33AC04}.Debug|Any CPU.ActiveCfg = Debug|Any CPU
		{CEB69E98-A702-4EB0-BCA7-1FADCE33AC04}.Debug|Any CPU.Build.0 = Debug|Any CPU
		{CEB69E98-A702-4EB0-BCA7-1FADCE33AC04}.Release|Any CPU.ActiveCfg = Release|Any CPU
		{CEB69E98-A702-4EB0-BCA7-1FADCE33AC04}.Release|Any CPU.Build.0 = Release|Any CPU
	EndGlobalSection
	GlobalSection(SolutionProperties) = preSolution
		HideSolutionNode = FALSE
	EndGlobalSection
	GlobalSection(ExtensibilityGlobals) = postSolution
		SolutionGuid = {BE583FEE-11FC-4181-A1B9-552FDF4D943E}
	EndGlobalSection
EndGlobal
